// !$*UTF8*$!
{
	archiveVersion = 1;
	classes = {
	};
	objectVersion = 50;
	objects = {

/* Begin PBXBuildFile section */
		4476BB4C226E65BE00A5697E /* fizzbuzz.c in Sources */ = {isa = PBXBuildFile; fileRef = 4476BB48226E65BE00A5697E /* fizzbuzz.c */; };
		4476BB4D226E65BE00A5697E /* Makefile in Sources */ = {isa = PBXBuildFile; fileRef = 4476BB4A226E65BE00A5697E /* Makefile */; };
		4476BB5E226E668B00A5697E /* Makefile in Sources */ = {isa = PBXBuildFile; fileRef = 4476BB5A226E668A00A5697E /* Makefile */; };
		4476BB5F226E668B00A5697E /* strings.c in Sources */ = {isa = PBXBuildFile; fileRef = 4476BB5B226E668B00A5697E /* strings.c */; };
		4476BB9C226FABD500A5697E /* main.c in Sources */ = {isa = PBXBuildFile; fileRef = 4476BB98226FABD500A5697E /* main.c */; };
		4476BB9D226FABD500A5697E /* Makefile in Sources */ = {isa = PBXBuildFile; fileRef = 4476BB99226FABD500A5697E /* Makefile */; };
		4476BB9E226FABD500A5697E /* pointers.c in Sources */ = {isa = PBXBuildFile; fileRef = 4476BB9A226FABD500A5697E /* pointers.c */; };
		4476BBB0226FBCBB00A5697E /* malloc.c in Sources */ = {isa = PBXBuildFile; fileRef = 4476BBAD226FBCBA00A5697E /* malloc.c */; };
		4476BBB1226FBCBB00A5697E /* Makefile in Sources */ = {isa = PBXBuildFile; fileRef = 4476BBAF226FBCBB00A5697E /* Makefile */; };
/* End PBXBuildFile section */

/* Begin PBXCopyFilesBuildPhase section */
		4476BB3D226E65A500A5697E /* CopyFiles */ = {
			isa = PBXCopyFilesBuildPhase;
			buildActionMask = 2147483647;
			dstPath = /usr/share/man/man1/;
			dstSubfolderSpec = 0;
			files = (
			);
			runOnlyForDeploymentPostprocessing = 1;
		};
		4476BB50226E667E00A5697E /* CopyFiles */ = {
			isa = PBXCopyFilesBuildPhase;
			buildActionMask = 2147483647;
			dstPath = /usr/share/man/man1/;
			dstSubfolderSpec = 0;
			files = (
			);
			runOnlyForDeploymentPostprocessing = 1;
		};
		4476BB79226FAB4E00A5697E /* CopyFiles */ = {
			isa = PBXCopyFilesBuildPhase;
			buildActionMask = 2147483647;
			dstPath = /usr/share/man/man1/;
			dstSubfolderSpec = 0;
			files = (
			);
			runOnlyForDeploymentPostprocessing = 1;
		};
		4476BBA1226FBC8600A5697E /* CopyFiles */ = {
			isa = PBXCopyFilesBuildPhase;
			buildActionMask = 2147483647;
			dstPath = /usr/share/man/man1/;
			dstSubfolderSpec = 0;
			files = (
			);
			runOnlyForDeploymentPostprocessing = 1;
		};
/* End PBXCopyFilesBuildPhase section */

/* Begin PBXFileReference section */
		4476BB3F226E65A500A5697E /* fizzbuzz */ = {isa = PBXFileReference; explicitFileType = "compiled.mach-o.executable"; includeInIndex = 0; path = fizzbuzz; sourceTree = BUILT_PRODUCTS_DIR; };
		4476BB47226E65BE00A5697E /* tests */ = {isa = PBXFileReference; lastKnownFileType = folder; path = tests; sourceTree = "<group>"; };
		4476BB48226E65BE00A5697E /* fizzbuzz.c */ = {isa = PBXFileReference; fileEncoding = 4; lastKnownFileType = sourcecode.c.c; path = fizzbuzz.c; sourceTree = "<group>"; };
		4476BB49226E65BE00A5697E /* fizzbuzz.h */ = {isa = PBXFileReference; fileEncoding = 4; lastKnownFileType = sourcecode.c.h; path = fizzbuzz.h; sourceTree = "<group>"; };
		4476BB4A226E65BE00A5697E /* Makefile */ = {isa = PBXFileReference; fileEncoding = 4; lastKnownFileType = sourcecode.make; path = Makefile; sourceTree = "<group>"; };
		4476BB4B226E65BE00A5697E /* README.md */ = {isa = PBXFileReference; fileEncoding = 4; lastKnownFileType = net.daringfireball.markdown; path = README.md; sourceTree = "<group>"; };
		4476BB52226E667E00A5697E /* strings */ = {isa = PBXFileReference; explicitFileType = "compiled.mach-o.executable"; includeInIndex = 0; path = strings; sourceTree = BUILT_PRODUCTS_DIR; };
		4476BB59226E668A00A5697E /* tests */ = {isa = PBXFileReference; lastKnownFileType = folder; path = tests; sourceTree = "<group>"; };
		4476BB5A226E668A00A5697E /* Makefile */ = {isa = PBXFileReference; fileEncoding = 4; lastKnownFileType = sourcecode.make; path = Makefile; sourceTree = "<group>"; };
		4476BB5B226E668B00A5697E /* strings.c */ = {isa = PBXFileReference; fileEncoding = 4; lastKnownFileType = sourcecode.c.c; path = strings.c; sourceTree = "<group>"; };
		4476BB5C226E668B00A5697E /* README.md */ = {isa = PBXFileReference; fileEncoding = 4; lastKnownFileType = net.daringfireball.markdown; path = README.md; sourceTree = "<group>"; };
		4476BB5D226E668B00A5697E /* strings.h */ = {isa = PBXFileReference; fileEncoding = 4; lastKnownFileType = sourcecode.c.h; path = strings.h; sourceTree = "<group>"; };
		4476BB7B226FAB4E00A5697E /* pointers */ = {isa = PBXFileReference; explicitFileType = "compiled.mach-o.executable"; includeInIndex = 0; path = pointers; sourceTree = BUILT_PRODUCTS_DIR; };
		4476BB92226FABD400A5697E /* README.md */ = {isa = PBXFileReference; fileEncoding = 4; lastKnownFileType = net.daringfireball.markdown; name = README.md; path = ../../../../../.Trash/pointers/README.md; sourceTree = "<group>"; };
		4476BB93226FABD400A5697E /* pointers.xcodeproj */ = {isa = PBXFileReference; lastKnownFileType = "wrapper.pb-project"; name = pointers.xcodeproj; path = ../../../../../.Trash/pointers/pointers.xcodeproj; sourceTree = "<group>"; };
		4476BB97226FABD500A5697E /* tests */ = {isa = PBXFileReference; lastKnownFileType = folder; name = tests; path = ../../../../../.Trash/pointers/tests; sourceTree = "<group>"; };
		4476BB98226FABD500A5697E /* main.c */ = {isa = PBXFileReference; fileEncoding = 4; lastKnownFileType = sourcecode.c.c; name = main.c; path = ../../../../../.Trash/pointers/main.c; sourceTree = "<group>"; };
		4476BB99226FABD500A5697E /* Makefile */ = {isa = PBXFileReference; fileEncoding = 4; lastKnownFileType = sourcecode.make; name = Makefile; path = ../../../../../.Trash/pointers/Makefile; sourceTree = "<group>"; };
		4476BB9A226FABD500A5697E /* pointers.c */ = {isa = PBXFileReference; fileEncoding = 4; lastKnownFileType = sourcecode.c.c; name = pointers.c; path = ../../../../../.Trash/pointers/pointers.c; sourceTree = "<group>"; };
		4476BB9B226FABD500A5697E /* pointers.h */ = {isa = PBXFileReference; fileEncoding = 4; lastKnownFileType = sourcecode.c.h; name = pointers.h; path = ../../../../../.Trash/pointers/pointers.h; sourceTree = "<group>"; };
		4476BBA3226FBC8600A5697E /* malloc */ = {isa = PBXFileReference; explicitFileType = "compiled.mach-o.executable"; includeInIndex = 0; path = malloc; sourceTree = BUILT_PRODUCTS_DIR; };
		4476BBAA226FBCBA00A5697E /* malloc.h */ = {isa = PBXFileReference; fileEncoding = 4; lastKnownFileType = sourcecode.c.h; path = malloc.h; sourceTree = "<group>"; };
		4476BBAB226FBCBA00A5697E /* README.md */ = {isa = PBXFileReference; fileEncoding = 4; lastKnownFileType = net.daringfireball.markdown; path = README.md; sourceTree = "<group>"; };
		4476BBAC226FBCBA00A5697E /* lib.h */ = {isa = PBXFileReference; fileEncoding = 4; lastKnownFileType = sourcecode.c.h; path = lib.h; sourceTree = "<group>"; };
		4476BBAD226FBCBA00A5697E /* malloc.c */ = {isa = PBXFileReference; fileEncoding = 4; lastKnownFileType = sourcecode.c.c; path = malloc.c; sourceTree = "<group>"; };
		4476BBAE226FBCBB00A5697E /* tests */ = {isa = PBXFileReference; lastKnownFileType = folder; path = tests; sourceTree = "<group>"; };
		4476BBAF226FBCBB00A5697E /* Makefile */ = {isa = PBXFileReference; fileEncoding = 4; lastKnownFileType = sourcecode.make; path = Makefile; sourceTree = "<group>"; };
/* End PBXFileReference section */

/* Begin PBXFrameworksBuildPhase section */
		4476BB3C226E65A500A5697E /* Frameworks */ = {
			isa = PBXFrameworksBuildPhase;
			buildActionMask = 2147483647;
			files = (
			);
			runOnlyForDeploymentPostprocessing = 0;
		};
		4476BB4F226E667E00A5697E /* Frameworks */ = {
			isa = PBXFrameworksBuildPhase;
			buildActionMask = 2147483647;
			files = (
			);
			runOnlyForDeploymentPostprocessing = 0;
		};
		4476BB78226FAB4E00A5697E /* Frameworks */ = {
			isa = PBXFrameworksBuildPhase;
			buildActionMask = 2147483647;
			files = (
			);
			runOnlyForDeploymentPostprocessing = 0;
		};
		4476BBA0226FBC8600A5697E /* Frameworks */ = {
			isa = PBXFrameworksBuildPhase;
			buildActionMask = 2147483647;
			files = (
			);
			runOnlyForDeploymentPostprocessing = 0;
		};
/* End PBXFrameworksBuildPhase section */

/* Begin PBXGroup section */
		4476BB30226E655F00A5697E = {
			isa = PBXGroup;
			children = (
				4476BB41226E65A500A5697E /* fizzbuzz */,
				4476BB53226E667E00A5697E /* strings */,
				4476BB7C226FAB4F00A5697E /* pointers */,
				4476BBA4226FBC8600A5697E /* malloc */,
				4476BB40226E65A500A5697E /* Products */,
			);
			sourceTree = "<group>";
		};
		4476BB40226E65A500A5697E /* Products */ = {
			isa = PBXGroup;
			children = (
				4476BB3F226E65A500A5697E /* fizzbuzz */,
				4476BB52226E667E00A5697E /* strings */,
				4476BB7B226FAB4E00A5697E /* pointers */,
				4476BBA3226FBC8600A5697E /* malloc */,
			);
			name = Products;
			sourceTree = "<group>";
		};
		4476BB41226E65A500A5697E /* fizzbuzz */ = {
			isa = PBXGroup;
			children = (
				4476BB48226E65BE00A5697E /* fizzbuzz.c */,
				4476BB49226E65BE00A5697E /* fizzbuzz.h */,
				4476BB4A226E65BE00A5697E /* Makefile */,
				4476BB4B226E65BE00A5697E /* README.md */,
				4476BB47226E65BE00A5697E /* tests */,
			);
			path = fizzbuzz;
			sourceTree = "<group>";
		};
		4476BB53226E667E00A5697E /* strings */ = {
			isa = PBXGroup;
			children = (
				4476BB5A226E668A00A5697E /* Makefile */,
				4476BB5C226E668B00A5697E /* README.md */,
				4476BB5B226E668B00A5697E /* strings.c */,
				4476BB5D226E668B00A5697E /* strings.h */,
				4476BB59226E668A00A5697E /* tests */,
			);
			path = strings;
			sourceTree = "<group>";
		};
		4476BB7C226FAB4F00A5697E /* pointers */ = {
			isa = PBXGroup;
			children = (
				4476BB98226FABD500A5697E /* main.c */,
				4476BB99226FABD500A5697E /* Makefile */,
				4476BB9A226FABD500A5697E /* pointers.c */,
				4476BB9B226FABD500A5697E /* pointers.h */,
				4476BB93226FABD400A5697E /* pointers.xcodeproj */,
				4476BB92226FABD400A5697E /* README.md */,
				4476BB97226FABD500A5697E /* tests */,
			);
			path = pointers;
			sourceTree = "<group>";
		};
		4476BB94226FABD400A5697E /* Products */ = {
			isa = PBXGroup;
			children = (
			);
			name = Products;
			sourceTree = "<group>";
		};
		4476BBA4226FBC8600A5697E /* malloc */ = {
			isa = PBXGroup;
			children = (
				4476BBAC226FBCBA00A5697E /* lib.h */,
				4476BBAF226FBCBB00A5697E /* Makefile */,
				4476BBAD226FBCBA00A5697E /* malloc.c */,
				4476BBAA226FBCBA00A5697E /* malloc.h */,
				4476BBAB226FBCBA00A5697E /* README.md */,
				4476BBAE226FBCBB00A5697E /* tests */,
			);
			path = malloc;
			sourceTree = "<group>";
		};
/* End PBXGroup section */

/* Begin PBXNativeTarget section */
		4476BB3E226E65A500A5697E /* fizzbuzz */ = {
			isa = PBXNativeTarget;
			buildConfigurationList = 4476BB44226E65A500A5697E /* Build configuration list for PBXNativeTarget "fizzbuzz" */;
			buildPhases = (
				4476BB3B226E65A500A5697E /* Sources */,
				4476BB3C226E65A500A5697E /* Frameworks */,
				4476BB3D226E65A500A5697E /* CopyFiles */,
			);
			buildRules = (
			);
			dependencies = (
			);
			name = fizzbuzz;
			productName = fizzbuzz;
			productReference = 4476BB3F226E65A500A5697E /* fizzbuzz */;
			productType = "com.apple.product-type.tool";
		};
		4476BB51226E667E00A5697E /* strings */ = {
			isa = PBXNativeTarget;
			buildConfigurationList = 4476BB56226E667E00A5697E /* Build configuration list for PBXNativeTarget "strings" */;
			buildPhases = (
				4476BB4E226E667E00A5697E /* Sources */,
				4476BB4F226E667E00A5697E /* Frameworks */,
				4476BB50226E667E00A5697E /* CopyFiles */,
			);
			buildRules = (
			);
			dependencies = (
			);
			name = strings;
			productName = strings;
			productReference = 4476BB52226E667E00A5697E /* strings */;
			productType = "com.apple.product-type.tool";
		};
		4476BB7A226FAB4E00A5697E /* pointers */ = {
			isa = PBXNativeTarget;
			buildConfigurationList = 4476BB7F226FAB4F00A5697E /* Build configuration list for PBXNativeTarget "pointers" */;
			buildPhases = (
				4476BB77226FAB4E00A5697E /* Sources */,
				4476BB78226FAB4E00A5697E /* Frameworks */,
				4476BB79226FAB4E00A5697E /* CopyFiles */,
			);
			buildRules = (
			);
			dependencies = (
			);
			name = pointers;
			productName = pointers;
			productReference = 4476BB7B226FAB4E00A5697E /* pointers */;
			productType = "com.apple.product-type.tool";
		};
		4476BBA2226FBC8600A5697E /* malloc */ = {
			isa = PBXNativeTarget;
			buildConfigurationList = 4476BBA7226FBC8600A5697E /* Build configuration list for PBXNativeTarget "malloc" */;
			buildPhases = (
				4476BB9F226FBC8600A5697E /* Sources */,
				4476BBA0226FBC8600A5697E /* Frameworks */,
				4476BBA1226FBC8600A5697E /* CopyFiles */,
			);
			buildRules = (
			);
			dependencies = (
			);
			name = malloc;
			productName = malloc;
			productReference = 4476BBA3226FBC8600A5697E /* malloc */;
			productType = "com.apple.product-type.tool";
		};
/* End PBXNativeTarget section */

/* Begin PBXProject section */
		4476BB31226E655F00A5697E /* Project object */ = {
			isa = PBXProject;
			attributes = {
				LastUpgradeCheck = 1020;
				ORGANIZATIONNAME = "Lambda School Labs";
				TargetAttributes = {
					4476BB3E226E65A500A5697E = {
						CreatedOnToolsVersion = 10.2.1;
					};
					4476BB51226E667E00A5697E = {
						CreatedOnToolsVersion = 10.2.1;
					};
					4476BB7A226FAB4E00A5697E = {
						CreatedOnToolsVersion = 10.2.1;
					};
					4476BBA2226FBC8600A5697E = {
						CreatedOnToolsVersion = 10.2.1;
					};
				};
			};
			buildConfigurationList = 4476BB34226E655F00A5697E /* Build configuration list for PBXProject "Intro-to-C" */;
			compatibilityVersion = "Xcode 9.3";
			developmentRegion = en;
			hasScannedForEncodings = 0;
			knownRegions = (
				en,
			);
			mainGroup = 4476BB30226E655F00A5697E;
			productRefGroup = 4476BB40226E65A500A5697E /* Products */;
			projectDirPath = "";
			projectReferences = (
				{
					ProductGroup = 4476BB94226FABD400A5697E /* Products */;
					ProjectRef = 4476BB93226FABD400A5697E /* pointers.xcodeproj */;
				},
			);
			projectRoot = "";
			targets = (
				4476BB3E226E65A500A5697E /* fizzbuzz */,
				4476BB51226E667E00A5697E /* strings */,
				4476BB7A226FAB4E00A5697E /* pointers */,
				4476BBA2226FBC8600A5697E /* malloc */,
			);
		};
/* End PBXProject section */

/* Begin PBXSourcesBuildPhase section */
		4476BB3B226E65A500A5697E /* Sources */ = {
			isa = PBXSourcesBuildPhase;
			buildActionMask = 2147483647;
			files = (
				4476BB4D226E65BE00A5697E /* Makefile in Sources */,
				4476BB4C226E65BE00A5697E /* fizzbuzz.c in Sources */,
			);
			runOnlyForDeploymentPostprocessing = 0;
		};
		4476BB4E226E667E00A5697E /* Sources */ = {
			isa = PBXSourcesBuildPhase;
			buildActionMask = 2147483647;
			files = (
				4476BB5E226E668B00A5697E /* Makefile in Sources */,
				4476BB5F226E668B00A5697E /* strings.c in Sources */,
			);
			runOnlyForDeploymentPostprocessing = 0;
		};
		4476BB77226FAB4E00A5697E /* Sources */ = {
			isa = PBXSourcesBuildPhase;
			buildActionMask = 2147483647;
			files = (
				4476BB9D226FABD500A5697E /* Makefile in Sources */,
				4476BB9C226FABD500A5697E /* main.c in Sources */,
				4476BB9E226FABD500A5697E /* pointers.c in Sources */,
			);
			runOnlyForDeploymentPostprocessing = 0;
		};
		4476BB9F226FBC8600A5697E /* Sources */ = {
			isa = PBXSourcesBuildPhase;
			buildActionMask = 2147483647;
			files = (
				4476BBB1226FBCBB00A5697E /* Makefile in Sources */,
				4476BBB0226FBCBB00A5697E /* malloc.c in Sources */,
			);
			runOnlyForDeploymentPostprocessing = 0;
		};
/* End PBXSourcesBuildPhase section */

/* Begin XCBuildConfiguration section */
		4476BB36226E655F00A5697E /* Debug */ = {
			isa = XCBuildConfiguration;
			buildSettings = {
				ALWAYS_SEARCH_USER_PATHS = NO;
				CLANG_ANALYZER_NONNULL = YES;
				CLANG_ANALYZER_NUMBER_OBJECT_CONVERSION = YES_AGGRESSIVE;
				CLANG_CXX_LANGUAGE_STANDARD = "gnu++14";
				CLANG_CXX_LIBRARY = "libc++";
				CLANG_ENABLE_MODULES = YES;
				CLANG_ENABLE_OBJC_ARC = YES;
				CLANG_ENABLE_OBJC_WEAK = YES;
				CLANG_WARN_BLOCK_CAPTURE_AUTORELEASING = YES;
				CLANG_WARN_BOOL_CONVERSION = YES;
				CLANG_WARN_COMMA = YES;
				CLANG_WARN_CONSTANT_CONVERSION = YES;
				CLANG_WARN_DEPRECATED_OBJC_IMPLEMENTATIONS = YES;
				CLANG_WARN_DIRECT_OBJC_ISA_USAGE = YES_ERROR;
				CLANG_WARN_DOCUMENTATION_COMMENTS = YES;
				CLANG_WARN_EMPTY_BODY = YES;
				CLANG_WARN_ENUM_CONVERSION = YES;
				CLANG_WARN_INFINITE_RECURSION = YES;
				CLANG_WARN_INT_CONVERSION = YES;
				CLANG_WARN_NON_LITERAL_NULL_CONVERSION = YES;
				CLANG_WARN_OBJC_IMPLICIT_RETAIN_SELF = YES;
				CLANG_WARN_OBJC_LITERAL_CONVERSION = YES;
				CLANG_WARN_OBJC_ROOT_CLASS = YES_ERROR;
				CLANG_WARN_RANGE_LOOP_ANALYSIS = YES;
				CLANG_WARN_STRICT_PROTOTYPES = YES;
				CLANG_WARN_SUSPICIOUS_MOVE = YES;
				CLANG_WARN_UNGUARDED_AVAILABILITY = YES_AGGRESSIVE;
				CLANG_WARN_UNREACHABLE_CODE = YES;
				CLANG_WARN__DUPLICATE_METHOD_MATCH = YES;
				COPY_PHASE_STRIP = NO;
				DEBUG_INFORMATION_FORMAT = dwarf;
				ENABLE_STRICT_OBJC_MSGSEND = YES;
				ENABLE_TESTABILITY = YES;
				GCC_C_LANGUAGE_STANDARD = gnu11;
				GCC_DYNAMIC_NO_PIC = NO;
				GCC_NO_COMMON_BLOCKS = YES;
				GCC_OPTIMIZATION_LEVEL = 0;
				GCC_PREPROCESSOR_DEFINITIONS = (
					"DEBUG=1",
					"$(inherited)",
				);
				GCC_WARN_64_TO_32_BIT_CONVERSION = YES;
				GCC_WARN_ABOUT_RETURN_TYPE = YES_ERROR;
				GCC_WARN_UNDECLARED_SELECTOR = YES;
				GCC_WARN_UNINITIALIZED_AUTOS = YES_AGGRESSIVE;
				GCC_WARN_UNUSED_FUNCTION = YES;
				GCC_WARN_UNUSED_VARIABLE = YES;
				MTL_ENABLE_DEBUG_INFO = INCLUDE_SOURCE;
				MTL_FAST_MATH = YES;
				ONLY_ACTIVE_ARCH = YES;
			};
			name = Debug;
		};
		4476BB37226E655F00A5697E /* Release */ = {
			isa = XCBuildConfiguration;
			buildSettings = {
				ALWAYS_SEARCH_USER_PATHS = NO;
				CLANG_ANALYZER_NONNULL = YES;
				CLANG_ANALYZER_NUMBER_OBJECT_CONVERSION = YES_AGGRESSIVE;
				CLANG_CXX_LANGUAGE_STANDARD = "gnu++14";
				CLANG_CXX_LIBRARY = "libc++";
				CLANG_ENABLE_MODULES = YES;
				CLANG_ENABLE_OBJC_ARC = YES;
				CLANG_ENABLE_OBJC_WEAK = YES;
				CLANG_WARN_BLOCK_CAPTURE_AUTORELEASING = YES;
				CLANG_WARN_BOOL_CONVERSION = YES;
				CLANG_WARN_COMMA = YES;
				CLANG_WARN_CONSTANT_CONVERSION = YES;
				CLANG_WARN_DEPRECATED_OBJC_IMPLEMENTATIONS = YES;
				CLANG_WARN_DIRECT_OBJC_ISA_USAGE = YES_ERROR;
				CLANG_WARN_DOCUMENTATION_COMMENTS = YES;
				CLANG_WARN_EMPTY_BODY = YES;
				CLANG_WARN_ENUM_CONVERSION = YES;
				CLANG_WARN_INFINITE_RECURSION = YES;
				CLANG_WARN_INT_CONVERSION = YES;
				CLANG_WARN_NON_LITERAL_NULL_CONVERSION = YES;
				CLANG_WARN_OBJC_IMPLICIT_RETAIN_SELF = YES;
				CLANG_WARN_OBJC_LITERAL_CONVERSION = YES;
				CLANG_WARN_OBJC_ROOT_CLASS = YES_ERROR;
				CLANG_WARN_RANGE_LOOP_ANALYSIS = YES;
				CLANG_WARN_STRICT_PROTOTYPES = YES;
				CLANG_WARN_SUSPICIOUS_MOVE = YES;
				CLANG_WARN_UNGUARDED_AVAILABILITY = YES_AGGRESSIVE;
				CLANG_WARN_UNREACHABLE_CODE = YES;
				CLANG_WARN__DUPLICATE_METHOD_MATCH = YES;
				COPY_PHASE_STRIP = NO;
				DEBUG_INFORMATION_FORMAT = "dwarf-with-dsym";
				ENABLE_NS_ASSERTIONS = NO;
				ENABLE_STRICT_OBJC_MSGSEND = YES;
				GCC_C_LANGUAGE_STANDARD = gnu11;
				GCC_NO_COMMON_BLOCKS = YES;
				GCC_WARN_64_TO_32_BIT_CONVERSION = YES;
				GCC_WARN_ABOUT_RETURN_TYPE = YES_ERROR;
				GCC_WARN_UNDECLARED_SELECTOR = YES;
				GCC_WARN_UNINITIALIZED_AUTOS = YES_AGGRESSIVE;
				GCC_WARN_UNUSED_FUNCTION = YES;
				GCC_WARN_UNUSED_VARIABLE = YES;
				MTL_ENABLE_DEBUG_INFO = NO;
				MTL_FAST_MATH = YES;
			};
			name = Release;
		};
		4476BB45226E65A500A5697E /* Debug */ = {
			isa = XCBuildConfiguration;
			buildSettings = {
				CODE_SIGN_IDENTITY = "Mac Developer";
				CODE_SIGN_STYLE = Automatic;
				DEVELOPMENT_TEAM = NH6AR4LY3J;
				MACOSX_DEPLOYMENT_TARGET = 10.14;
				PRODUCT_NAME = "$(TARGET_NAME)";
				SDKROOT = macosx;
			};
			name = Debug;
		};
		4476BB46226E65A500A5697E /* Release */ = {
			isa = XCBuildConfiguration;
			buildSettings = {
				CODE_SIGN_IDENTITY = "Mac Developer";
				CODE_SIGN_STYLE = Automatic;
				DEVELOPMENT_TEAM = NH6AR4LY3J;
				MACOSX_DEPLOYMENT_TARGET = 10.14;
				PRODUCT_NAME = "$(TARGET_NAME)";
				SDKROOT = macosx;
			};
			name = Release;
		};
		4476BB57226E667E00A5697E /* Debug */ = {
			isa = XCBuildConfiguration;
			buildSettings = {
				CODE_SIGN_IDENTITY = "Mac Developer";
				CODE_SIGN_STYLE = Automatic;
				DEVELOPMENT_TEAM = NH6AR4LY3J;
				MACOSX_DEPLOYMENT_TARGET = 10.14;
				PRODUCT_NAME = "$(TARGET_NAME)";
				SDKROOT = macosx;
			};
			name = Debug;
		};
		4476BB58226E667E00A5697E /* Release */ = {
			isa = XCBuildConfiguration;
			buildSettings = {
				CODE_SIGN_IDENTITY = "Mac Developer";
				CODE_SIGN_STYLE = Automatic;
				DEVELOPMENT_TEAM = NH6AR4LY3J;
				MACOSX_DEPLOYMENT_TARGET = 10.14;
				PRODUCT_NAME = "$(TARGET_NAME)";
				SDKROOT = macosx;
			};
			name = Release;
		};
		4476BB80226FAB4F00A5697E /* Debug */ = {
			isa = XCBuildConfiguration;
			buildSettings = {
				CODE_SIGN_IDENTITY = "Mac Developer";
				CODE_SIGN_STYLE = Automatic;
				DEVELOPMENT_TEAM = NH6AR4LY3J;
				MACOSX_DEPLOYMENT_TARGET = 10.14;
				PRODUCT_NAME = "$(TARGET_NAME)";
				SDKROOT = macosx;
			};
			name = Debug;
		};
		4476BB81226FAB4F00A5697E /* Release */ = {
			isa = XCBuildConfiguration;
			buildSettings = {
				CODE_SIGN_IDENTITY = "Mac Developer";
				CODE_SIGN_STYLE = Automatic;
				DEVELOPMENT_TEAM = NH6AR4LY3J;
				MACOSX_DEPLOYMENT_TARGET = 10.14;
				PRODUCT_NAME = "$(TARGET_NAME)";
				SDKROOT = macosx;
			};
			name = Release;
		};
		4476BBA8226FBC8600A5697E /* Debug */ = {
			isa = XCBuildConfiguration;
			buildSettings = {
				CODE_SIGN_IDENTITY = "Mac Developer";
				CODE_SIGN_STYLE = Automatic;
				DEVELOPMENT_TEAM = NH6AR4LY3J;
				MACOSX_DEPLOYMENT_TARGET = 10.14;
				PRODUCT_NAME = "$(TARGET_NAME)";
				SDKROOT = macosx;
			};
			name = Debug;
		};
		4476BBA9226FBC8600A5697E /* Release */ = {
			isa = XCBuildConfiguration;
			buildSettings = {
				CODE_SIGN_IDENTITY = "Mac Developer";
				CODE_SIGN_STYLE = Automatic;
				DEVELOPMENT_TEAM = NH6AR4LY3J;
				MACOSX_DEPLOYMENT_TARGET = 10.14;
				PRODUCT_NAME = "$(TARGET_NAME)";
				SDKROOT = macosx;
			};
			name = Release;
		};
/* End XCBuildConfiguration section */

/* Begin XCConfigurationList section */
		4476BB34226E655F00A5697E /* Build configuration list for PBXProject "Intro-to-C" */ = {
			isa = XCConfigurationList;
			buildConfigurations = (
				4476BB36226E655F00A5697E /* Debug */,
				4476BB37226E655F00A5697E /* Release */,
			);
			defaultConfigurationIsVisible = 0;
			defaultConfigurationName = Release;
		};
		4476BB44226E65A500A5697E /* Build configuration list for PBXNativeTarget "fizzbuzz" */ = {
			isa = XCConfigurationList;
			buildConfigurations = (
				4476BB45226E65A500A5697E /* Debug */,
				4476BB46226E65A500A5697E /* Release */,
			);
			defaultConfigurationIsVisible = 0;
			defaultConfigurationName = Release;
		};
		4476BB56226E667E00A5697E /* Build configuration list for PBXNativeTarget "strings" */ = {
			isa = XCConfigurationList;
			buildConfigurations = (
				4476BB57226E667E00A5697E /* Debug */,
				4476BB58226E667E00A5697E /* Release */,
			);
			defaultConfigurationIsVisible = 0;
			defaultConfigurationName = Release;
		};
		4476BB7F226FAB4F00A5697E /* Build configuration list for PBXNativeTarget "pointers" */ = {
			isa = XCConfigurationList;
			buildConfigurations = (
				4476BB80226FAB4F00A5697E /* Debug */,
				4476BB81226FAB4F00A5697E /* Release */,
			);
			defaultConfigurationIsVisible = 0;
			defaultConfigurationName = Release;
		};
		4476BBA7226FBC8600A5697E /* Build configuration list for PBXNativeTarget "malloc" */ = {
			isa = XCConfigurationList;
			buildConfigurations = (
				4476BBA8226FBC8600A5697E /* Debug */,
				4476BBA9226FBC8600A5697E /* Release */,
			);
			defaultConfigurationIsVisible = 0;
			defaultConfigurationName = Release;
		};
/* End XCConfigurationList section */
	};
	rootObject = 4476BB31226E655F00A5697E /* Project object */;
}
